
Microsoft Visual Studio Solution File, Format Version 12.00
# Visual Studio Version 17
VisualStudioVersion = 17.0.31903.59
MinimumVisualStudioVersion = 10.0.40219.1
Project("{2150E333-8FDC-42A3-9474-1A3956D46DE8}") = "access_control", "access_control", "{EE732B56-BD83-47FB-B004-D2FB5EB6615D}"
EndProject
Project("{FAE04EC0-301F-11D3-BF4B-00C04F79EFBC}") = "AccessControl.Infrastructure", "access_control\AccessControl.Infrastructure\AccessControl.Infrastructure.csproj", "{006EB67F-645A-4589-90B6-0CE8B1998E21}"
EndProject
Project("{FAE04EC0-301F-11D3-BF4B-00C04F79EFBC}") = "AccessControl.Domain", "access_control\AccessControl.Domain\AccessControl.Domain.csproj", "{C700C75E-8297-4ED4-9665-0DE367DBCA09}"
EndProject
Project("{FAE04EC0-301F-11D3-BF4B-00C04F79EFBC}") = "AccessControl.Application", "access_control\AccessControl.Application\AccessControl.Application.csproj", "{0EF83485-1A70-492A-AF20-453E64F48759}"
EndProject
Project("{FAE04EC0-301F-11D3-BF4B-00C04F79EFBC}") = "AccessControl.WebApi", "access_control\AccessControl.WebApi\AccessControl.WebApi.csproj", "{0634EAB0-2150-4C6B-A5B0-CD1B537AD070}"
EndProject
Project("{2150E333-8FDC-42A3-9474-1A3956D46DE8}") = "src", "src", "{B25487A7-28D1-4DA2-9DE4-B30A6F465A0C}"
EndProject
Project("{2150E333-8FDC-42A3-9474-1A3956D46DE8}") = "credit", "credit", "{0ADCB5E4-2E3B-4DBD-B10B-F6E9A553E151}"
EndProject
Project("{2150E333-8FDC-42A3-9474-1A3956D46DE8}") = "crm", "crm", "{F8CA7A37-0AC8-4EEF-9D14-AD123780B627}"
EndProject
Project("{2150E333-8FDC-42A3-9474-1A3956D46DE8}") = "shared", "shared", "{86962D8B-CE03-473B-9F0F-C5D472CE8F69}"
EndProject
Project("{FAE04EC0-301F-11D3-BF4B-00C04F79EFBC}") = "SharedKernel", "SharedKernel\SharedKernel.csproj", "{815D695C-E051-41A5-A35B-5DB616A65B1B}"
EndProject
Project("{FAE04EC0-301F-11D3-BF4B-00C04F79EFBC}") = "Credit.Infrastructure", "credits\Credit.Infrastructure\Credit.Infrastructure.csproj", "{A718D136-9D18-432B-9235-CA59558ACE38}"
EndProject
Project("{FAE04EC0-301F-11D3-BF4B-00C04F79EFBC}") = "Credit.Domain", "credits\Credit.Domain\Credit.Domain.csproj", "{A4831394-9C76-4745-B0B8-8E2D6D7049A3}"
EndProject
Project("{FAE04EC0-301F-11D3-BF4B-00C04F79EFBC}") = "Credit.Application", "credits\Credit.Application\Credit.Application.csproj", "{071D6FF7-CBAE-4050-99E2-4DBA28A86E90}"
EndProject
Project("{FAE04EC0-301F-11D3-BF4B-00C04F79EFBC}") = "Credit.WebApi", "credits\Credit.WebApi\Credit.WebApi.csproj", "{1C09A952-30FD-441A-B951-1DEFE7E3969F}"
EndProject
Project("{FAE04EC0-301F-11D3-BF4B-00C04F79EFBC}") = "Crm.Infrastructure", "crm\Crm.Infrastructure\Crm.Infrastructure.csproj", "{A149D7E5-5901-424D-84C7-C3AF0B5724B0}"
EndProject
Project("{FAE04EC0-301F-11D3-BF4B-00C04F79EFBC}") = "Crm.Application", "crm\Crm.Application\Crm.Application.csproj", "{EBB07284-C3E4-490A-A9AA-D9A616E668AD}"
EndProject
Project("{FAE04EC0-301F-11D3-BF4B-00C04F79EFBC}") = "Crm.Domain", "crm\Crm.Domain\Crm.Domain.csproj", "{3568EB5D-7B2E-4384-BB39-93EA180661AE}"
EndProject
Project("{FAE04EC0-301F-11D3-BF4B-00C04F79EFBC}") = "Crm.WebApi", "Crm.WebApi\Crm.WebApi.csproj", "{7B946D88-BF72-4B39-9FC9-2FEB9464F8A3}"
EndProject
Project("{FAE04EC0-301F-11D3-BF4B-00C04F79EFBC}") = "SmartCore.Telemetry", "src\shared\SmartCore.Telemetry\SmartCore.Telemetry.csproj", "{C618D409-DDC0-4F60-9176-1FEEA8C77F89}"
EndProject
Project("{2150E333-8FDC-42A3-9474-1A3956D46DE8}") = "test", "test", "{0C88DD14-F956-CE84-757C-A364CCF449FC}"
EndProject
Project("{FAE04EC0-301F-11D3-BF4B-00C04F79EFBC}") = "Credit.Aplication.Test", "test\Credit.Aplication.Test\Credit.Aplication.Test.csproj", "{12AA1185-BA92-48F9-B472-A5C7B1EEA9D7}"
EndProject
Project("{2150E333-8FDC-42A3-9474-1A3956D46DE8}") = "credit_system", "credit_system", "{A024E5A0-CCAC-48F7-BB2B-63B628204A20}"
EndProject
Project("{FAE04EC0-301F-11D3-BF4B-00C04F79EFBC}") = "CreditSystem.Domain", "src\credit_system\CreditSystem.Domain\CreditSystem.Domain.csproj", "{E5E3E16D-6BD4-4165-B094-371FE023D5FF}"
EndProject
Project("{FAE04EC0-301F-11D3-BF4B-00C04F79EFBC}") = "CreditSystem.Infrastructure", "src\credit_system\CreditSystem.Infrastructure\CreditSystem.Infrastructure.csproj", "{E414B5F5-E594-4DDB-A7F4-7FB426EF7516}"
EndProject
Project("{FAE04EC0-301F-11D3-BF4B-00C04F79EFBC}") = "CreditSystem.Application", "src\credit_system\CreditSystem.Application\CreditSystem.Application.csproj", "{01172297-E209-49F5-AB43-9D30D65AC7CA}"
EndProject
Project("{FAE04EC0-301F-11D3-BF4B-00C04F79EFBC}") = "CreditSystem.Api", "src\credit_system\CreditSystem.Api\CreditSystem.Api.csproj", "{3F47D368-68BA-4729-996A-3FCA5681A031}"
EndProject
Global
	GlobalSection(SolutionConfigurationPlatforms) = preSolution
		Debug|Any CPU = Debug|Any CPU
		Release|Any CPU = Release|Any CPU
	EndGlobalSection
	GlobalSection(ProjectConfigurationPlatforms) = postSolution
		{006EB67F-645A-4589-90B6-0CE8B1998E21}.Debug|Any CPU.ActiveCfg = Debug|Any CPU
		{006EB67F-645A-4589-90B6-0CE8B1998E21}.Debug|Any CPU.Build.0 = Debug|Any CPU
		{006EB67F-645A-4589-90B6-0CE8B1998E21}.Release|Any CPU.ActiveCfg = Release|Any CPU
		{006EB67F-645A-4589-90B6-0CE8B1998E21}.Release|Any CPU.Build.0 = Release|Any CPU
		{C700C75E-8297-4ED4-9665-0DE367DBCA09}.Debug|Any CPU.ActiveCfg = Debug|Any CPU
		{C700C75E-8297-4ED4-9665-0DE367DBCA09}.Debug|Any CPU.Build.0 = Debug|Any CPU
		{C700C75E-8297-4ED4-9665-0DE367DBCA09}.Release|Any CPU.ActiveCfg = Release|Any CPU
		{C700C75E-8297-4ED4-9665-0DE367DBCA09}.Release|Any CPU.Build.0 = Release|Any CPU
		{0EF83485-1A70-492A-AF20-453E64F48759}.Debug|Any CPU.ActiveCfg = Debug|Any CPU
		{0EF83485-1A70-492A-AF20-453E64F48759}.Debug|Any CPU.Build.0 = Debug|Any CPU
		{0EF83485-1A70-492A-AF20-453E64F48759}.Release|Any CPU.ActiveCfg = Release|Any CPU
		{0EF83485-1A70-492A-AF20-453E64F48759}.Release|Any CPU.Build.0 = Release|Any CPU
		{0634EAB0-2150-4C6B-A5B0-CD1B537AD070}.Debug|Any CPU.ActiveCfg = Debug|Any CPU
		{0634EAB0-2150-4C6B-A5B0-CD1B537AD070}.Debug|Any CPU.Build.0 = Debug|Any CPU
		{0634EAB0-2150-4C6B-A5B0-CD1B537AD070}.Release|Any CPU.ActiveCfg = Release|Any CPU
		{0634EAB0-2150-4C6B-A5B0-CD1B537AD070}.Release|Any CPU.Build.0 = Release|Any CPU
		{815D695C-E051-41A5-A35B-5DB616A65B1B}.Debug|Any CPU.ActiveCfg = Debug|Any CPU
		{815D695C-E051-41A5-A35B-5DB616A65B1B}.Debug|Any CPU.Build.0 = Debug|Any CPU
		{815D695C-E051-41A5-A35B-5DB616A65B1B}.Release|Any CPU.ActiveCfg = Release|Any CPU
		{815D695C-E051-41A5-A35B-5DB616A65B1B}.Release|Any CPU.Build.0 = Release|Any CPU
		{A718D136-9D18-432B-9235-CA59558ACE38}.Debug|Any CPU.ActiveCfg = Debug|Any CPU
		{A718D136-9D18-432B-9235-CA59558ACE38}.Debug|Any CPU.Build.0 = Debug|Any CPU
		{A718D136-9D18-432B-9235-CA59558ACE38}.Release|Any CPU.ActiveCfg = Release|Any CPU
		{A718D136-9D18-432B-9235-CA59558ACE38}.Release|Any CPU.Build.0 = Release|Any CPU
		{A4831394-9C76-4745-B0B8-8E2D6D7049A3}.Debug|Any CPU.ActiveCfg = Debug|Any CPU
		{A4831394-9C76-4745-B0B8-8E2D6D7049A3}.Debug|Any CPU.Build.0 = Debug|Any CPU
		{A4831394-9C76-4745-B0B8-8E2D6D7049A3}.Release|Any CPU.ActiveCfg = Release|Any CPU
		{A4831394-9C76-4745-B0B8-8E2D6D7049A3}.Release|Any CPU.Build.0 = Release|Any CPU
		{071D6FF7-CBAE-4050-99E2-4DBA28A86E90}.Debug|Any CPU.ActiveCfg = Debug|Any CPU
		{071D6FF7-CBAE-4050-99E2-4DBA28A86E90}.Debug|Any CPU.Build.0 = Debug|Any CPU
		{071D6FF7-CBAE-4050-99E2-4DBA28A86E90}.Release|Any CPU.ActiveCfg = Release|Any CPU
		{071D6FF7-CBAE-4050-99E2-4DBA28A86E90}.Release|Any CPU.Build.0 = Release|Any CPU
		{1C09A952-30FD-441A-B951-1DEFE7E3969F}.Debug|Any CPU.ActiveCfg = Debug|Any CPU
		{1C09A952-30FD-441A-B951-1DEFE7E3969F}.Debug|Any CPU.Build.0 = Debug|Any CPU
		{1C09A952-30FD-441A-B951-1DEFE7E3969F}.Release|Any CPU.ActiveCfg = Release|Any CPU
		{1C09A952-30FD-441A-B951-1DEFE7E3969F}.Release|Any CPU.Build.0 = Release|Any CPU
		{A149D7E5-5901-424D-84C7-C3AF0B5724B0}.Debug|Any CPU.ActiveCfg = Debug|Any CPU
		{A149D7E5-5901-424D-84C7-C3AF0B5724B0}.Debug|Any CPU.Build.0 = Debug|Any CPU
		{A149D7E5-5901-424D-84C7-C3AF0B5724B0}.Release|Any CPU.ActiveCfg = Release|Any CPU
		{A149D7E5-5901-424D-84C7-C3AF0B5724B0}.Release|Any CPU.Build.0 = Release|Any CPU
		{EBB07284-C3E4-490A-A9AA-D9A616E668AD}.Debug|Any CPU.ActiveCfg = Debug|Any CPU
		{EBB07284-C3E4-490A-A9AA-D9A616E668AD}.Debug|Any CPU.Build.0 = Debug|Any CPU
		{EBB07284-C3E4-490A-A9AA-D9A616E668AD}.Release|Any CPU.ActiveCfg = Release|Any CPU
		{EBB07284-C3E4-490A-A9AA-D9A616E668AD}.Release|Any CPU.Build.0 = Release|Any CPU
		{3568EB5D-7B2E-4384-BB39-93EA180661AE}.Debug|Any CPU.ActiveCfg = Debug|Any CPU
		{3568EB5D-7B2E-4384-BB39-93EA180661AE}.Debug|Any CPU.Build.0 = Debug|Any CPU
		{3568EB5D-7B2E-4384-BB39-93EA180661AE}.Release|Any CPU.ActiveCfg = Release|Any CPU
		{3568EB5D-7B2E-4384-BB39-93EA180661AE}.Release|Any CPU.Build.0 = Release|Any CPU
		{7B946D88-BF72-4B39-9FC9-2FEB9464F8A3}.Debug|Any CPU.ActiveCfg = Debug|Any CPU
		{7B946D88-BF72-4B39-9FC9-2FEB9464F8A3}.Debug|Any CPU.Build.0 = Debug|Any CPU
		{7B946D88-BF72-4B39-9FC9-2FEB9464F8A3}.Release|Any CPU.ActiveCfg = Release|Any CPU
		{7B946D88-BF72-4B39-9FC9-2FEB9464F8A3}.Release|Any CPU.Build.0 = Release|Any CPU
		{C618D409-DDC0-4F60-9176-1FEEA8C77F89}.Debug|Any CPU.ActiveCfg = Debug|Any CPU
		{C618D409-DDC0-4F60-9176-1FEEA8C77F89}.Debug|Any CPU.Build.0 = Debug|Any CPU
		{C618D409-DDC0-4F60-9176-1FEEA8C77F89}.Release|Any CPU.ActiveCfg = Release|Any CPU
		{C618D409-DDC0-4F60-9176-1FEEA8C77F89}.Release|Any CPU.Build.0 = Release|Any CPU
		{12AA1185-BA92-48F9-B472-A5C7B1EEA9D7}.Debug|Any CPU.ActiveCfg = Debug|Any CPU
		{12AA1185-BA92-48F9-B472-A5C7B1EEA9D7}.Debug|Any CPU.Build.0 = Debug|Any CPU
		{12AA1185-BA92-48F9-B472-A5C7B1EEA9D7}.Release|Any CPU.ActiveCfg = Release|Any CPU
		{12AA1185-BA92-48F9-B472-A5C7B1EEA9D7}.Release|Any CPU.Build.0 = Release|Any CPU
		{E5E3E16D-6BD4-4165-B094-371FE023D5FF}.Debug|Any CPU.ActiveCfg = Debug|Any CPU
		{E5E3E16D-6BD4-4165-B094-371FE023D5FF}.Debug|Any CPU.Build.0 = Debug|Any CPU
		{E5E3E16D-6BD4-4165-B094-371FE023D5FF}.Release|Any CPU.ActiveCfg = Release|Any CPU
		{E5E3E16D-6BD4-4165-B094-371FE023D5FF}.Release|Any CPU.Build.0 = Release|Any CPU
		{E414B5F5-E594-4DDB-A7F4-7FB426EF7516}.Debug|Any CPU.ActiveCfg = Debug|Any CPU
		{E414B5F5-E594-4DDB-A7F4-7FB426EF7516}.Debug|Any CPU.Build.0 = Debug|Any CPU
		{E414B5F5-E594-4DDB-A7F4-7FB426EF7516}.Release|Any CPU.ActiveCfg = Release|Any CPU
		{E414B5F5-E594-4DDB-A7F4-7FB426EF7516}.Release|Any CPU.Build.0 = Release|Any CPU
		{01172297-E209-49F5-AB43-9D30D65AC7CA}.Debug|Any CPU.ActiveCfg = Debug|Any CPU
		{01172297-E209-49F5-AB43-9D30D65AC7CA}.Debug|Any CPU.Build.0 = Debug|Any CPU
		{01172297-E209-49F5-AB43-9D30D65AC7CA}.Release|Any CPU.ActiveCfg = Release|Any CPU
		{01172297-E209-49F5-AB43-9D30D65AC7CA}.Release|Any CPU.Build.0 = Release|Any CPU
		{3F47D368-68BA-4729-996A-3FCA5681A031}.Debug|Any CPU.ActiveCfg = Debug|Any CPU
		{3F47D368-68BA-4729-996A-3FCA5681A031}.Debug|Any CPU.Build.0 = Debug|Any CPU
		{3F47D368-68BA-4729-996A-3FCA5681A031}.Release|Any CPU.ActiveCfg = Release|Any CPU
		{3F47D368-68BA-4729-996A-3FCA5681A031}.Release|Any CPU.Build.0 = Release|Any CPU
	EndGlobalSection
	GlobalSection(SolutionProperties) = preSolution
		HideSolutionNode = FALSE
	EndGlobalSection
	GlobalSection(NestedProjects) = preSolution
		{EE732B56-BD83-47FB-B004-D2FB5EB6615D} = {B25487A7-28D1-4DA2-9DE4-B30A6F465A0C}
		{006EB67F-645A-4589-90B6-0CE8B1998E21} = {EE732B56-BD83-47FB-B004-D2FB5EB6615D}
		{C700C75E-8297-4ED4-9665-0DE367DBCA09} = {EE732B56-BD83-47FB-B004-D2FB5EB6615D}
		{0EF83485-1A70-492A-AF20-453E64F48759} = {EE732B56-BD83-47FB-B004-D2FB5EB6615D}
		{0634EAB0-2150-4C6B-A5B0-CD1B537AD070} = {EE732B56-BD83-47FB-B004-D2FB5EB6615D}
		{0ADCB5E4-2E3B-4DBD-B10B-F6E9A553E151} = {B25487A7-28D1-4DA2-9DE4-B30A6F465A0C}
		{F8CA7A37-0AC8-4EEF-9D14-AD123780B627} = {B25487A7-28D1-4DA2-9DE4-B30A6F465A0C}
		{86962D8B-CE03-473B-9F0F-C5D472CE8F69} = {B25487A7-28D1-4DA2-9DE4-B30A6F465A0C}
		{815D695C-E051-41A5-A35B-5DB616A65B1B} = {86962D8B-CE03-473B-9F0F-C5D472CE8F69}
		{A718D136-9D18-432B-9235-CA59558ACE38} = {0ADCB5E4-2E3B-4DBD-B10B-F6E9A553E151}
		{A4831394-9C76-4745-B0B8-8E2D6D7049A3} = {0ADCB5E4-2E3B-4DBD-B10B-F6E9A553E151}
		{071D6FF7-CBAE-4050-99E2-4DBA28A86E90} = {0ADCB5E4-2E3B-4DBD-B10B-F6E9A553E151}
		{1C09A952-30FD-441A-B951-1DEFE7E3969F} = {0ADCB5E4-2E3B-4DBD-B10B-F6E9A553E151}
		{A149D7E5-5901-424D-84C7-C3AF0B5724B0} = {F8CA7A37-0AC8-4EEF-9D14-AD123780B627}
		{EBB07284-C3E4-490A-A9AA-D9A616E668AD} = {F8CA7A37-0AC8-4EEF-9D14-AD123780B627}
		{3568EB5D-7B2E-4384-BB39-93EA180661AE} = {F8CA7A37-0AC8-4EEF-9D14-AD123780B627}
		{7B946D88-BF72-4B39-9FC9-2FEB9464F8A3} = {F8CA7A37-0AC8-4EEF-9D14-AD123780B627}
		{C618D409-DDC0-4F60-9176-1FEEA8C77F89} = {86962D8B-CE03-473B-9F0F-C5D472CE8F69}
		{12AA1185-BA92-48F9-B472-A5C7B1EEA9D7} = {0C88DD14-F956-CE84-757C-A364CCF449FC}
		{A024E5A0-CCAC-48F7-BB2B-63B628204A20} = {B25487A7-28D1-4DA2-9DE4-B30A6F465A0C}
		{E5E3E16D-6BD4-4165-B094-371FE023D5FF} = {A024E5A0-CCAC-48F7-BB2B-63B628204A20}
		{E414B5F5-E594-4DDB-A7F4-7FB426EF7516} = {A024E5A0-CCAC-48F7-BB2B-63B628204A20}
		{01172297-E209-49F5-AB43-9D30D65AC7CA} = {A024E5A0-CCAC-48F7-BB2B-63B628204A20}
		{3F47D368-68BA-4729-996A-3FCA5681A031} = {A024E5A0-CCAC-48F7-BB2B-63B628204A20}
	EndGlobalSection
EndGlobal
